{"format_version":"1.2","terraform_version":"1.9.1","variables":{"cluster_name":{"value":"cis-eks-noncompliant"},"cluster_version":{"value":"1.28"},"desired_capacity":{"value":2},"max_size":{"value":3},"min_size":{"value":1},"node_instance_type":{"value":"t3.small"},"private_subnets":{"value":["10.0.1.0/24","10.0.2.0/24","10.0.3.0/24"]},"public_subnets":{"value":["10.0.4.0/24","10.0.5.0/24","10.0.6.0/24"]},"region":{"value":"us-west-2"},"vpc_cidr":{"value":"10.0.0.0/16"}},"planned_values":{"root_module":{"resources":[{"address":"aws_eks_cluster.main","mode":"managed","type":"aws_eks_cluster","name":"main","provider_name":"registry.opentofu.org/hashicorp/aws","schema_version":1,"values":{"bootstrap_self_managed_addons":true,"compute_config":[],"enabled_cluster_log_types":null,"encryption_config":[],"force_update_version":null,"kubernetes_network_config":[{"service_ipv4_cidr":"10.100.0.0/16"}],"name":"cis-eks-noncompliant","outpost_config":[],"remote_network_config":[],"storage_config":[],"tags":null,"timeouts":null,"version":"1.28","vpc_config":[{"endpoint_private_access":false,"endpoint_public_access":true,"security_group_ids":null}],"zonal_shift_config":[]},"sensitive_values":{"access_config":[],"certificate_authority":[],"compute_config":[],"encryption_config":[],"identity":[],"kubernetes_network_config":[{"elastic_load_balancing":[]}],"outpost_config":[],"remote_network_config":[],"storage_config":[],"tags_all":{},"upgrade_policy":[],"vpc_config":[{"public_access_cidrs":[],"subnet_ids":[]}],"zonal_shift_config":[]}},{"address":"aws_eks_node_group.main","mode":"managed","type":"aws_eks_node_group","name":"main","provider_name":"registry.opentofu.org/hashicorp/aws","schema_version":0,"values":{"cluster_name":"cis-eks-noncompliant","force_update_version":null,"instance_types":["t3.small"],"labels":null,"launch_template":[],"node_group_name":"noncompliant-ng","remote_access":[],"scaling_config":[{"desired_size":1,"max_size":2,"min_size":1}],"tags":null,"taint":[],"timeouts":null},"sensitive_values":{"instance_types":[false],"launch_template":[],"node_repair_config":[],"remote_access":[],"resources":[],"scaling_config":[{}],"subnet_ids":[],"tags_all":{},"taint":[],"update_config":[]}},{"address":"aws_iam_role.eks","mode":"managed","type":"aws_iam_role","name":"eks","provider_name":"registry.opentofu.org/hashicorp/aws","schema_version":0,"values":{"assume_role_policy":"{\"Statement\":[{\"Action\":\"sts:AssumeRole\",\"Effect\":\"Allow\",\"Principal\":{\"Service\":\"eks.amazonaws.com\"}}],\"Version\":\"2012-10-17\"}","description":null,"force_detach_policies":false,"max_session_duration":3600,"name":"cis-eks-noncompliant-eks-role","path":"/","permissions_boundary":null,"tags":null},"sensitive_values":{"inline_policy":[],"managed_policy_arns":[],"tags_all":{}}},{"address":"aws_iam_role.eks_node_group","mode":"managed","type":"aws_iam_role","name":"eks_node_group","provider_name":"registry.opentofu.org/hashicorp/aws","schema_version":0,"values":{"assume_role_policy":"{\"Statement\":[{\"Action\":\"sts:AssumeRole\",\"Effect\":\"Allow\",\"Principal\":{\"Service\":\"ec2.amazonaws.com\"}}],\"Version\":\"2012-10-17\"}","description":null,"force_detach_policies":false,"max_session_duration":3600,"name":"cis-eks-noncompliant-node-group-role","path":"/","permissions_boundary":null,"tags":null},"sensitive_values":{"inline_policy":[],"managed_policy_arns":[],"tags_all":{}}},{"address":"aws_iam_role_policy_attachment.ec2_container_registry","mode":"managed","type":"aws_iam_role_policy_attachment","name":"ec2_container_registry","provider_name":"registry.opentofu.org/hashicorp/aws","schema_version":0,"values":{"policy_arn":"arn:aws:iam::aws:policy/AmazonEC2ContainerRegistryReadOnly","role":"cis-eks-noncompliant-node-group-role"},"sensitive_values":{}},{"address":"aws_iam_role_policy_attachment.eks_cni","mode":"managed","type":"aws_iam_role_policy_attachment","name":"eks_cni","provider_name":"registry.opentofu.org/hashicorp/aws","schema_version":0,"values":{"policy_arn":"arn:aws:iam::aws:policy/AmazonEKS_CNI_Policy","role":"cis-eks-noncompliant-node-group-role"},"sensitive_values":{}},{"address":"aws_iam_role_policy_attachment.eks_worker_node","mode":"managed","type":"aws_iam_role_policy_attachment","name":"eks_worker_node","provider_name":"registry.opentofu.org/hashicorp/aws","schema_version":0,"values":{"policy_arn":"arn:aws:iam::aws:policy/AmazonEKSWorkerNodePolicy","role":"cis-eks-noncompliant-node-group-role"},"sensitive_values":{}},{"address":"aws_security_group.nodes","mode":"managed","type":"aws_security_group","name":"nodes","provider_name":"registry.opentofu.org/hashicorp/aws","schema_version":1,"values":{"description":"Node group security group","egress":[{"cidr_blocks":["0.0.0.0/0"],"description":"","from_port":0,"ipv6_cidr_blocks":[],"prefix_list_ids":[],"protocol":"-1","security_groups":[],"self":false,"to_port":0}],"ingress":[{"cidr_blocks":[],"description":"","from_port":0,"ipv6_cidr_blocks":[],"prefix_list_ids":[],"protocol":"-1","security_groups":[],"self":true,"to_port":0}],"name":"cis-eks-noncompliant-nodes","revoke_rules_on_delete":false,"tags":null,"timeouts":null},"sensitive_values":{"egress":[{"cidr_blocks":[false],"ipv6_cidr_blocks":[],"prefix_list_ids":[],"security_groups":[]}],"ingress":[{"cidr_blocks":[],"ipv6_cidr_blocks":[],"prefix_list_ids":[],"security_groups":[]}],"tags_all":{}}},{"address":"aws_subnet.public[0]","mode":"managed","type":"aws_subnet","name":"public","index":0,"provider_name":"registry.opentofu.org/hashicorp/aws","schema_version":1,"values":{"assign_ipv6_address_on_creation":false,"availability_zone":"us-west-2a","cidr_block":"10.0.4.0/24","customer_owned_ipv4_pool":null,"enable_dns64":false,"enable_lni_at_device_index":null,"enable_resource_name_dns_a_record_on_launch":false,"enable_resource_name_dns_aaaa_record_on_launch":false,"ipv6_cidr_block":null,"ipv6_native":false,"map_customer_owned_ip_on_launch":null,"map_public_ip_on_launch":true,"outpost_arn":null,"tags":null,"timeouts":null},"sensitive_values":{"tags_all":{}}},{"address":"aws_subnet.public[1]","mode":"managed","type":"aws_subnet","name":"public","index":1,"provider_name":"registry.opentofu.org/hashicorp/aws","schema_version":1,"values":{"assign_ipv6_address_on_creation":false,"availability_zone":"us-west-2b","cidr_block":"10.0.5.0/24","customer_owned_ipv4_pool":null,"enable_dns64":false,"enable_lni_at_device_index":null,"enable_resource_name_dns_a_record_on_launch":false,"enable_resource_name_dns_aaaa_record_on_launch":false,"ipv6_cidr_block":null,"ipv6_native":false,"map_customer_owned_ip_on_launch":null,"map_public_ip_on_launch":true,"outpost_arn":null,"tags":null,"timeouts":null},"sensitive_values":{"tags_all":{}}},{"address":"aws_subnet.public[2]","mode":"managed","type":"aws_subnet","name":"public","index":2,"provider_name":"registry.opentofu.org/hashicorp/aws","schema_version":1,"values":{"assign_ipv6_address_on_creation":false,"availability_zone":"us-west-2c","cidr_block":"10.0.6.0/24","customer_owned_ipv4_pool":null,"enable_dns64":false,"enable_lni_at_device_index":null,"enable_resource_name_dns_a_record_on_launch":false,"enable_resource_name_dns_aaaa_record_on_launch":false,"ipv6_cidr_block":null,"ipv6_native":false,"map_customer_owned_ip_on_launch":null,"map_public_ip_on_launch":true,"outpost_arn":null,"tags":null,"timeouts":null},"sensitive_values":{"tags_all":{}}},{"address":"aws_vpc.main","mode":"managed","type":"aws_vpc","name":"main","provider_name":"registry.opentofu.org/hashicorp/aws","schema_version":1,"values":{"assign_generated_ipv6_cidr_block":null,"cidr_block":"10.0.0.0/16","enable_dns_support":true,"instance_tenancy":"default","ipv4_ipam_pool_id":null,"ipv4_netmask_length":null,"ipv6_ipam_pool_id":null,"ipv6_netmask_length":null,"tags":null},"sensitive_values":{"tags_all":{}}}]}},"resource_changes":[{"address":"aws_eks_cluster.main","mode":"managed","type":"aws_eks_cluster","name":"main","provider_name":"registry.opentofu.org/hashicorp/aws","change":{"actions":["create"],"before":null,"after":{"bootstrap_self_managed_addons":true,"compute_config":[],"enabled_cluster_log_types":null,"encryption_config":[],"force_update_version":null,"kubernetes_network_config":[{"service_ipv4_cidr":"10.100.0.0/16"}],"name":"cis-eks-noncompliant","outpost_config":[],"remote_network_config":[],"storage_config":[],"tags":null,"timeouts":null,"version":"1.28","vpc_config":[{"endpoint_private_access":false,"endpoint_public_access":true,"security_group_ids":null}],"zonal_shift_config":[]},"after_unknown":{"access_config":true,"arn":true,"certificate_authority":true,"cluster_id":true,"compute_config":[],"created_at":true,"encryption_config":[],"endpoint":true,"id":true,"identity":true,"kubernetes_network_config":[{"elastic_load_balancing":true,"ip_family":true,"service_ipv6_cidr":true}],"outpost_config":[],"platform_version":true,"remote_network_config":[],"role_arn":true,"status":true,"storage_config":[],"tags_all":true,"upgrade_policy":true,"vpc_config":[{"cluster_security_group_id":true,"public_access_cidrs":true,"subnet_ids":true,"vpc_id":true}],"zonal_shift_config":[]},"before_sensitive":false,"after_sensitive":{"access_config":[],"certificate_authority":[],"compute_config":[],"encryption_config":[],"identity":[],"kubernetes_network_config":[{"elastic_load_balancing":[]}],"outpost_config":[],"remote_network_config":[],"storage_config":[],"tags_all":{},"upgrade_policy":[],"vpc_config":[{"public_access_cidrs":[],"subnet_ids":[]}],"zonal_shift_config":[]}}},{"address":"aws_eks_node_group.main","mode":"managed","type":"aws_eks_node_group","name":"main","provider_name":"registry.opentofu.org/hashicorp/aws","change":{"actions":["create"],"before":null,"after":{"cluster_name":"cis-eks-noncompliant","force_update_version":null,"instance_types":["t3.small"],"labels":null,"launch_template":[],"node_group_name":"noncompliant-ng","remote_access":[],"scaling_config":[{"desired_size":1,"max_size":2,"min_size":1}],"tags":null,"taint":[],"timeouts":null},"after_unknown":{"ami_type":true,"arn":true,"capacity_type":true,"disk_size":true,"id":true,"instance_types":[false],"launch_template":[],"node_group_name_prefix":true,"node_repair_config":true,"node_role_arn":true,"release_version":true,"remote_access":[],"resources":true,"scaling_config":[{}],"status":true,"subnet_ids":true,"tags_all":true,"taint":[],"update_config":true,"version":true},"before_sensitive":false,"after_sensitive":{"instance_types":[false],"launch_template":[],"node_repair_config":[],"remote_access":[],"resources":[],"scaling_config":[{}],"subnet_ids":[],"tags_all":{},"taint":[],"update_config":[]}}},{"address":"aws_iam_role.eks","mode":"managed","type":"aws_iam_role","name":"eks","provider_name":"registry.opentofu.org/hashicorp/aws","change":{"actions":["create"],"before":null,"after":{"assume_role_policy":"{\"Statement\":[{\"Action\":\"sts:AssumeRole\",\"Effect\":\"Allow\",\"Principal\":{\"Service\":\"eks.amazonaws.com\"}}],\"Version\":\"2012-10-17\"}","description":null,"force_detach_policies":false,"max_session_duration":3600,"name":"cis-eks-noncompliant-eks-role","path":"/","permissions_boundary":null,"tags":null},"after_unknown":{"arn":true,"create_date":true,"id":true,"inline_policy":true,"managed_policy_arns":true,"name_prefix":true,"tags_all":true,"unique_id":true},"before_sensitive":false,"after_sensitive":{"inline_policy":[],"managed_policy_arns":[],"tags_all":{}}}},{"address":"aws_iam_role.eks_node_group","mode":"managed","type":"aws_iam_role","name":"eks_node_group","provider_name":"registry.opentofu.org/hashicorp/aws","change":{"actions":["create"],"before":null,"after":{"assume_role_policy":"{\"Statement\":[{\"Action\":\"sts:AssumeRole\",\"Effect\":\"Allow\",\"Principal\":{\"Service\":\"ec2.amazonaws.com\"}}],\"Version\":\"2012-10-17\"}","description":null,"force_detach_policies":false,"max_session_duration":3600,"name":"cis-eks-noncompliant-node-group-role","path":"/","permissions_boundary":null,"tags":null},"after_unknown":{"arn":true,"create_date":true,"id":true,"inline_policy":true,"managed_policy_arns":true,"name_prefix":true,"tags_all":true,"unique_id":true},"before_sensitive":false,"after_sensitive":{"inline_policy":[],"managed_policy_arns":[],"tags_all":{}}}},{"address":"aws_iam_role_policy_attachment.ec2_container_registry","mode":"managed","type":"aws_iam_role_policy_attachment","name":"ec2_container_registry","provider_name":"registry.opentofu.org/hashicorp/aws","change":{"actions":["create"],"before":null,"after":{"policy_arn":"arn:aws:iam::aws:policy/AmazonEC2ContainerRegistryReadOnly","role":"cis-eks-noncompliant-node-group-role"},"after_unknown":{"id":true},"before_sensitive":false,"after_sensitive":{}}},{"address":"aws_iam_role_policy_attachment.eks_cni","mode":"managed","type":"aws_iam_role_policy_attachment","name":"eks_cni","provider_name":"registry.opentofu.org/hashicorp/aws","change":{"actions":["create"],"before":null,"after":{"policy_arn":"arn:aws:iam::aws:policy/AmazonEKS_CNI_Policy","role":"cis-eks-noncompliant-node-group-role"},"after_unknown":{"id":true},"before_sensitive":false,"after_sensitive":{}}},{"address":"aws_iam_role_policy_attachment.eks_worker_node","mode":"managed","type":"aws_iam_role_policy_attachment","name":"eks_worker_node","provider_name":"registry.opentofu.org/hashicorp/aws","change":{"actions":["create"],"before":null,"after":{"policy_arn":"arn:aws:iam::aws:policy/AmazonEKSWorkerNodePolicy","role":"cis-eks-noncompliant-node-group-role"},"after_unknown":{"id":true},"before_sensitive":false,"after_sensitive":{}}},{"address":"aws_security_group.nodes","mode":"managed","type":"aws_security_group","name":"nodes","provider_name":"registry.opentofu.org/hashicorp/aws","change":{"actions":["create"],"before":null,"after":{"description":"Node group security group","egress":[{"cidr_blocks":["0.0.0.0/0"],"description":"","from_port":0,"ipv6_cidr_blocks":[],"prefix_list_ids":[],"protocol":"-1","security_groups":[],"self":false,"to_port":0}],"ingress":[{"cidr_blocks":[],"description":"","from_port":0,"ipv6_cidr_blocks":[],"prefix_list_ids":[],"protocol":"-1","security_groups":[],"self":true,"to_port":0}],"name":"cis-eks-noncompliant-nodes","revoke_rules_on_delete":false,"tags":null,"timeouts":null},"after_unknown":{"arn":true,"egress":[{"cidr_blocks":[false],"ipv6_cidr_blocks":[],"prefix_list_ids":[],"security_groups":[]}],"id":true,"ingress":[{"cidr_blocks":[],"ipv6_cidr_blocks":[],"prefix_list_ids":[],"security_groups":[]}],"name_prefix":true,"owner_id":true,"tags_all":true,"vpc_id":true},"before_sensitive":false,"after_sensitive":{"egress":[{"cidr_blocks":[false],"ipv6_cidr_blocks":[],"prefix_list_ids":[],"security_groups":[]}],"ingress":[{"cidr_blocks":[],"ipv6_cidr_blocks":[],"prefix_list_ids":[],"security_groups":[]}],"tags_all":{}}}},{"address":"aws_subnet.public[0]","mode":"managed","type":"aws_subnet","name":"public","index":0,"provider_name":"registry.opentofu.org/hashicorp/aws","change":{"actions":["create"],"before":null,"after":{"assign_ipv6_address_on_creation":false,"availability_zone":"us-west-2a","cidr_block":"10.0.4.0/24","customer_owned_ipv4_pool":null,"enable_dns64":false,"enable_lni_at_device_index":null,"enable_resource_name_dns_a_record_on_launch":false,"enable_resource_name_dns_aaaa_record_on_launch":false,"ipv6_cidr_block":null,"ipv6_native":false,"map_customer_owned_ip_on_launch":null,"map_public_ip_on_launch":true,"outpost_arn":null,"tags":null,"timeouts":null},"after_unknown":{"arn":true,"availability_zone_id":true,"id":true,"ipv6_cidr_block_association_id":true,"owner_id":true,"private_dns_hostname_type_on_launch":true,"tags_all":true,"vpc_id":true},"before_sensitive":false,"after_sensitive":{"tags_all":{}}}},{"address":"aws_subnet.public[1]","mode":"managed","type":"aws_subnet","name":"public","index":1,"provider_name":"registry.opentofu.org/hashicorp/aws","change":{"actions":["create"],"before":null,"after":{"assign_ipv6_address_on_creation":false,"availability_zone":"us-west-2b","cidr_block":"10.0.5.0/24","customer_owned_ipv4_pool":null,"enable_dns64":false,"enable_lni_at_device_index":null,"enable_resource_name_dns_a_record_on_launch":false,"enable_resource_name_dns_aaaa_record_on_launch":false,"ipv6_cidr_block":null,"ipv6_native":false,"map_customer_owned_ip_on_launch":null,"map_public_ip_on_launch":true,"outpost_arn":null,"tags":null,"timeouts":null},"after_unknown":{"arn":true,"availability_zone_id":true,"id":true,"ipv6_cidr_block_association_id":true,"owner_id":true,"private_dns_hostname_type_on_launch":true,"tags_all":true,"vpc_id":true},"before_sensitive":false,"after_sensitive":{"tags_all":{}}}},{"address":"aws_subnet.public[2]","mode":"managed","type":"aws_subnet","name":"public","index":2,"provider_name":"registry.opentofu.org/hashicorp/aws","change":{"actions":["create"],"before":null,"after":{"assign_ipv6_address_on_creation":false,"availability_zone":"us-west-2c","cidr_block":"10.0.6.0/24","customer_owned_ipv4_pool":null,"enable_dns64":false,"enable_lni_at_device_index":null,"enable_resource_name_dns_a_record_on_launch":false,"enable_resource_name_dns_aaaa_record_on_launch":false,"ipv6_cidr_block":null,"ipv6_native":false,"map_customer_owned_ip_on_launch":null,"map_public_ip_on_launch":true,"outpost_arn":null,"tags":null,"timeouts":null},"after_unknown":{"arn":true,"availability_zone_id":true,"id":true,"ipv6_cidr_block_association_id":true,"owner_id":true,"private_dns_hostname_type_on_launch":true,"tags_all":true,"vpc_id":true},"before_sensitive":false,"after_sensitive":{"tags_all":{}}}},{"address":"aws_vpc.main","mode":"managed","type":"aws_vpc","name":"main","provider_name":"registry.opentofu.org/hashicorp/aws","change":{"actions":["create"],"before":null,"after":{"assign_generated_ipv6_cidr_block":null,"cidr_block":"10.0.0.0/16","enable_dns_support":true,"instance_tenancy":"default","ipv4_ipam_pool_id":null,"ipv4_netmask_length":null,"ipv6_ipam_pool_id":null,"ipv6_netmask_length":null,"tags":null},"after_unknown":{"arn":true,"default_network_acl_id":true,"default_route_table_id":true,"default_security_group_id":true,"dhcp_options_id":true,"enable_dns_hostnames":true,"enable_network_address_usage_metrics":true,"id":true,"ipv6_association_id":true,"ipv6_cidr_block":true,"ipv6_cidr_block_network_border_group":true,"main_route_table_id":true,"owner_id":true,"tags_all":true},"before_sensitive":false,"after_sensitive":{"tags_all":{}}}}],"prior_state":{"format_version":"1.0","terraform_version":"1.9.1","values":{"root_module":{"resources":[{"address":"data.aws_iam_policy_document.eks_assume_role","mode":"data","type":"aws_iam_policy_document","name":"eks_assume_role","provider_name":"registry.opentofu.org/hashicorp/aws","schema_version":0,"values":{"id":"3552664922","json":"{\n  \"Version\": \"2012-10-17\",\n  \"Statement\": [\n    {\n      \"Effect\": \"Allow\",\n      \"Action\": \"sts:AssumeRole\",\n      \"Principal\": {\n        \"Service\": \"eks.amazonaws.com\"\n      }\n    }\n  ]\n}","minified_json":"{\"Version\":\"2012-10-17\",\"Statement\":[{\"Effect\":\"Allow\",\"Action\":\"sts:AssumeRole\",\"Principal\":{\"Service\":\"eks.amazonaws.com\"}}]}","override_json":null,"override_policy_documents":null,"policy_id":null,"source_json":null,"source_policy_documents":null,"statement":[{"actions":["sts:AssumeRole"],"condition":[],"effect":"Allow","not_actions":[],"not_principals":[],"not_resources":[],"principals":[{"identifiers":["eks.amazonaws.com"],"type":"Service"}],"resources":[],"sid":""}],"version":"2012-10-17"},"sensitive_values":{"statement":[{"actions":[false],"condition":[],"not_actions":[],"not_principals":[],"not_resources":[],"principals":[{"identifiers":[false]}],"resources":[]}]}}]}}},"configuration":{"provider_config":{"aws":{"name":"aws","full_name":"registry.opentofu.org/hashicorp/aws","expressions":{"region":{"references":["var.region"]}}}},"root_module":{"resources":[{"address":"aws_eks_cluster.main","mode":"managed","type":"aws_eks_cluster","name":"main","provider_config_key":"aws","expressions":{"enabled_cluster_log_types":{"constant_value":[]},"kubernetes_network_config":[{"service_ipv4_cidr":{"constant_value":"10.100.0.0/16"}}],"name":{"references":["var.cluster_name"]},"role_arn":{"references":["aws_iam_role.eks.arn","aws_iam_role.eks"]},"version":{"references":["var.cluster_version"]},"vpc_config":[{"endpoint_private_access":{"constant_value":false},"endpoint_public_access":{"constant_value":true},"subnet_ids":{"references":["aws_subnet.public"]}}]},"schema_version":1},{"address":"aws_eks_node_group.main","mode":"managed","type":"aws_eks_node_group","name":"main","provider_config_key":"aws","expressions":{"cluster_name":{"references":["aws_eks_cluster.main.name","aws_eks_cluster.main"]},"instance_types":{"references":["var.node_instance_type"]},"node_group_name":{"constant_value":"noncompliant-ng"},"node_role_arn":{"references":["aws_iam_role.eks_node_group.arn","aws_iam_role.eks_node_group"]},"scaling_config":[{"desired_size":{"constant_value":1},"max_size":{"constant_value":2},"min_size":{"constant_value":1}}],"subnet_ids":{"references":["aws_subnet.public"]}},"schema_version":0,"depends_on":["aws_security_group.nodes"]},{"address":"aws_iam_role.eks","mode":"managed","type":"aws_iam_role","name":"eks","provider_config_key":"aws","expressions":{"assume_role_policy":{"references":["data.aws_iam_policy_document.eks_assume_role.json","data.aws_iam_policy_document.eks_assume_role"]},"name":{"references":["var.cluster_name"]}},"schema_version":0},{"address":"aws_iam_role.eks_node_group","mode":"managed","type":"aws_iam_role","name":"eks_node_group","provider_config_key":"aws","expressions":{"assume_role_policy":{},"name":{"references":["var.cluster_name"]}},"schema_version":0},{"address":"aws_iam_role_policy_attachment.ec2_container_registry","mode":"managed","type":"aws_iam_role_policy_attachment","name":"ec2_container_registry","provider_config_key":"aws","expressions":{"policy_arn":{"constant_value":"arn:aws:iam::aws:policy/AmazonEC2ContainerRegistryReadOnly"},"role":{"references":["aws_iam_role.eks_node_group.name","aws_iam_role.eks_node_group"]}},"schema_version":0},{"address":"aws_iam_role_policy_attachment.eks_cni","mode":"managed","type":"aws_iam_role_policy_attachment","name":"eks_cni","provider_config_key":"aws","expressions":{"policy_arn":{"constant_value":"arn:aws:iam::aws:policy/AmazonEKS_CNI_Policy"},"role":{"references":["aws_iam_role.eks_node_group.name","aws_iam_role.eks_node_group"]}},"schema_version":0},{"address":"aws_iam_role_policy_attachment.eks_worker_node","mode":"managed","type":"aws_iam_role_policy_attachment","name":"eks_worker_node","provider_config_key":"aws","expressions":{"policy_arn":{"constant_value":"arn:aws:iam::aws:policy/AmazonEKSWorkerNodePolicy"},"role":{"references":["aws_iam_role.eks_node_group.name","aws_iam_role.eks_node_group"]}},"schema_version":0},{"address":"aws_security_group.nodes","mode":"managed","type":"aws_security_group","name":"nodes","provider_config_key":"aws","expressions":{"description":{"constant_value":"Node group security group"},"egress":{"constant_value":[{"cidr_blocks":["0.0.0.0/0"],"description":null,"from_port":0,"ipv6_cidr_blocks":null,"prefix_list_ids":null,"protocol":"-1","security_groups":null,"self":null,"to_port":0}]},"ingress":{"constant_value":[{"cidr_blocks":null,"description":null,"from_port":0,"ipv6_cidr_blocks":null,"prefix_list_ids":null,"protocol":"-1","security_groups":null,"self":true,"to_port":0}]},"name":{"references":["var.cluster_name"]},"vpc_id":{"references":["aws_vpc.main.id","aws_vpc.main"]}},"schema_version":1},{"address":"aws_subnet.public","mode":"managed","type":"aws_subnet","name":"public","provider_config_key":"aws","expressions":{"availability_zone":{"references":["var.region","var.region","var.region","count.index"]},"cidr_block":{"references":["var.public_subnets","count.index"]},"map_public_ip_on_launch":{"constant_value":true},"vpc_id":{"references":["aws_vpc.main.id","aws_vpc.main"]}},"schema_version":1,"count_expression":{"references":["var.public_subnets"]}},{"address":"aws_vpc.main","mode":"managed","type":"aws_vpc","name":"main","provider_config_key":"aws","expressions":{"cidr_block":{"references":["var.vpc_cidr"]}},"schema_version":1},{"address":"data.aws_iam_policy_document.eks_assume_role","mode":"data","type":"aws_iam_policy_document","name":"eks_assume_role","provider_config_key":"aws","expressions":{"statement":[{"actions":{"constant_value":["sts:AssumeRole"]},"principals":[{"identifiers":{"constant_value":["eks.amazonaws.com"]},"type":{"constant_value":"Service"}}]}]},"schema_version":0}],"variables":{"cluster_name":{"default":"cis-eks-noncompliant","description":"Name of the EKS cluster"},"cluster_version":{"default":"1.28","description":"Kubernetes version for the EKS cluster"},"desired_capacity":{"default":2,"description":"Desired node group size"},"max_size":{"default":3,"description":"Maximum node group size"},"min_size":{"default":1,"description":"Minimum node group size"},"node_instance_type":{"default":"t3.small","description":"Instance type for EKS node group"},"private_subnets":{"default":["10.0.1.0/24","10.0.2.0/24","10.0.3.0/24"],"description":"List of private subnet CIDR blocks"},"public_subnets":{"default":["10.0.4.0/24","10.0.5.0/24","10.0.6.0/24"],"description":"List of public subnet CIDR blocks"},"region":{"default":"us-west-2","description":"AWS region to deploy resources in"},"vpc_cidr":{"default":"10.0.0.0/16","description":"CIDR block for the VPC"}}}},"relevant_attributes":[{"resource":"aws_eks_cluster.main","attribute":["name"]},{"resource":"aws_iam_role.eks","attribute":["arn"]},{"resource":"aws_iam_role.eks_node_group","attribute":["arn"]},{"resource":"aws_iam_role.eks_node_group","attribute":["name"]},{"resource":"aws_subnet.public","attribute":[]},{"resource":"aws_vpc.main","attribute":["id"]},{"resource":"data.aws_iam_policy_document.eks_assume_role","attribute":["json"]}],"timestamp":"2025-06-08T05:14:06Z","errored":false}
